// !$*UTF8*$!
{
	archiveVersion = 1;
	classes = {
	};
	objectVersion = 77;
	objects = {

/* Begin PBXFileReference section */
		0C9B3D082DF8686A009A63A5 /* NomNomApp.app */ = {isa = PBXFileReference; explicitFileType = wrapper.application; includeInIndex = 0; path = NomNomApp.app; sourceTree = BUILT_PRODUCTS_DIR; };
		0C9B3DF62DF86DE0009A63A5 /* DayMyEntity+CoreDataClass.swift */ = {isa = PBXFileReference; lastKnownFileType = sourcecode.swift; name = "DayMyEntity+CoreDataClass.swift"; path = "NomNomApp/Model/DayMyEntity+CoreDataClass.swift"; sourceTree = "<group>"; };
		0C9B3DF72DF86DE0009A63A5 /* DayMyEntity+CoreDataProperties.swift */ = {isa = PBXFileReference; lastKnownFileType = sourcecode.swift; name = "DayMyEntity+CoreDataProperties.swift"; path = "NomNomApp/Model/DayMyEntity+CoreDataProperties.swift"; sourceTree = "<group>"; };
		0C9B3E7A2DF87932009A63A5 /* MealEntity+CoreDataClass.swift */ = {isa = PBXFileReference; lastKnownFileType = sourcecode.swift; name = "MealEntity+CoreDataClass.swift"; path = "NomNomApp/Model/MealEntity+CoreDataClass.swift"; sourceTree = "<group>"; };
		0C9B3E7B2DF87932009A63A5 /* MealEntity+CoreDataProperties.swift */ = {isa = PBXFileReference; lastKnownFileType = sourcecode.swift; name = "MealEntity+CoreDataProperties.swift"; path = "NomNomApp/Model/MealEntity+CoreDataProperties.swift"; sourceTree = "<group>"; };
		0C9B3E7C2DF87932009A63A5 /* WeightEntity+CoreDataClass.swift */ = {isa = PBXFileReference; lastKnownFileType = sourcecode.swift; name = "WeightEntity+CoreDataClass.swift"; path = "NomNomApp/Model/WeightEntity+CoreDataClass.swift"; sourceTree = "<group>"; };
		0C9B3E7D2DF87932009A63A5 /* WeightEntity+CoreDataProperties.swift */ = {isa = PBXFileReference; lastKnownFileType = sourcecode.swift; name = "WeightEntity+CoreDataProperties.swift"; path = "NomNomApp/Model/WeightEntity+CoreDataProperties.swift"; sourceTree = "<group>"; };
		0C9B3E9F2DF887BE009A63A5 /* NotificationEntity+CoreDataClass.swift */ = {isa = PBXFileReference; lastKnownFileType = sourcecode.swift; name = "NotificationEntity+CoreDataClass.swift"; path = "NomNomApp/Model/NotificationEntity+CoreDataClass.swift"; sourceTree = "<group>"; };
		0C9B3EA02DF887BE009A63A5 /* NotificationEntity+CoreDataProperties.swift */ = {isa = PBXFileReference; lastKnownFileType = sourcecode.swift; name = "NotificationEntity+CoreDataProperties.swift"; path = "NomNomApp/Model/NotificationEntity+CoreDataProperties.swift"; sourceTree = "<group>"; };
		0C9B3EA12DF887BE009A63A5 /* ProfileEntity+CoreDataClass.swift */ = {isa = PBXFileReference; lastKnownFileType = sourcecode.swift; name = "ProfileEntity+CoreDataClass.swift"; path = "NomNomApp/Model/ProfileEntity+CoreDataClass.swift"; sourceTree = "<group>"; };
		0C9B3EA22DF887BE009A63A5 /* ProfileEntity+CoreDataProperties.swift */ = {isa = PBXFileReference; lastKnownFileType = sourcecode.swift; name = "ProfileEntity+CoreDataProperties.swift"; path = "NomNomApp/Model/ProfileEntity+CoreDataProperties.swift"; sourceTree = "<group>"; };
/* End PBXFileReference section */

/* Begin PBXFileSystemSynchronizedBuildFileExceptionSet section */
		0C9B3E022DF86E02009A63A5 /* Exceptions for "NomNomApp" folder in "NomNomApp" target */ = {
			isa = PBXFileSystemSynchronizedBuildFileExceptionSet;
			membershipExceptions = (
				Info.plist,
				Model/DailyHealthData.swift,
				"Model/DayMyEntity+CoreDataClass.swift",
				"Model/DayMyEntity+CoreDataProperties.swift",
				"Model/MealEntity+CoreDataClass.swift",
				"Model/MealEntity+CoreDataProperties.swift",
				"Model/NotificationEntity+CoreDataClass.swift",
				"Model/NotificationEntity+CoreDataProperties.swift",
				"Model/ProfileEntity+CoreDataClass.swift",
				"Model/ProfileEntity+CoreDataProperties.swift",
				"Model/WeightEntity+CoreDataClass.swift",
				"Model/WeightEntity+CoreDataProperties.swift",
			);
			target = 0C9B3D072DF8686A009A63A5 /* NomNomApp */;
		};
/* End PBXFileSystemSynchronizedBuildFileExceptionSet section */

/* Begin PBXFileSystemSynchronizedRootGroup section */
		0C9B3D0A2DF8686A009A63A5 /* NomNomApp */ = {
			isa = PBXFileSystemSynchronizedRootGroup;
			exceptions = (
				0C9B3E022DF86E02009A63A5 /* Exceptions for "NomNomApp" folder in "NomNomApp" target */,
			);
			path = NomNomApp;
			sourceTree = "<group>";
		};
/* End PBXFileSystemSynchronizedRootGroup section */

/* Begin PBXFrameworksBuildPhase section */
		0C9B3D052DF8686A009A63A5 /* Frameworks */ = {
			isa = PBXFrameworksBuildPhase;
			buildActionMask = 2147483647;
			files = (
			);
			runOnlyForDeploymentPostprocessing = 0;
		};
/* End PBXFrameworksBuildPhase section */

/* Begin PBXGroup section */
		0C9B3CFF2DF8686A009A63A5 = {
			isa = PBXGroup;
			children = (
				0C9B3E9F2DF887BE009A63A5 /* NotificationEntity+CoreDataClass.swift */,
				0C9B3EA02DF887BE009A63A5 /* NotificationEntity+CoreDataProperties.swift */,
				0C9B3EA12DF887BE009A63A5 /* ProfileEntity+CoreDataClass.swift */,
				0C9B3EA22DF887BE009A63A5 /* ProfileEntity+CoreDataProperties.swift */,
				0C9B3E7A2DF87932009A63A5 /* MealEntity+CoreDataClass.swift */,
				0C9B3E7B2DF87932009A63A5 /* MealEntity+CoreDataProperties.swift */,
				0C9B3E7C2DF87932009A63A5 /* WeightEntity+CoreDataClass.swift */,
				0C9B3E7D2DF87932009A63A5 /* WeightEntity+CoreDataProperties.swift */,
				0C9B3DF62DF86DE0009A63A5 /* DayMyEntity+CoreDataClass.swift */,
				0C9B3DF72DF86DE0009A63A5 /* DayMyEntity+CoreDataProperties.swift */,
				0C9B3D0A2DF8686A009A63A5 /* NomNomApp */,
				0C9B3D092DF8686A009A63A5 /* Products */,
			);
			sourceTree = "<group>";
		};
		0C9B3D092DF8686A009A63A5 /* Products */ = {
			isa = PBXGroup;
			children = (
				0C9B3D082DF8686A009A63A5 /* NomNomApp.app */,
			);
			name = Products;
			sourceTree = "<group>";
		};
/* End PBXGroup section */

/* Begin PBXNativeTarget section */
		0C9B3D072DF8686A009A63A5 /* NomNomApp */ = {
			isa = PBXNativeTarget;
			buildConfigurationList = 0C9B3D162DF8686B009A63A5 /* Build configuration list for PBXNativeTarget "NomNomApp" */;
			buildPhases = (
				0C9B3D042DF8686A009A63A5 /* Sources */,
				0C9B3D052DF8686A009A63A5 /* Frameworks */,
				0C9B3D062DF8686A009A63A5 /* Resources */,
			);
			buildRules = (
			);
			dependencies = (
			);
			fileSystemSynchronizedGroups = (
				0C9B3D0A2DF8686A009A63A5 /* NomNomApp */,
			);
			name = NomNomApp;
			packageProductDependencies = (
			);
			productName = NomNomApp;
			productReference = 0C9B3D082DF8686A009A63A5 /* NomNomApp.app */;
			productType = "com.apple.product-type.application";
		};
/* End PBXNativeTarget section */

/* Begin PBXProject section */
		0C9B3D002DF8686A009A63A5 /* Project object */ = {
			isa = PBXProject;
			attributes = {
				BuildIndependentTargetsInParallel = 1;
				LastSwiftUpdateCheck = 1620;
				LastUpgradeCheck = 1620;
				TargetAttributes = {
					0C9B3D072DF8686A009A63A5 = {
						CreatedOnToolsVersion = 16.2;
					};
				};
			};
			buildConfigurationList = 0C9B3D032DF8686A009A63A5 /* Build configuration list for PBXProject "NomNomApp" */;
			developmentRegion = en;
			hasScannedForEncodings = 0;
			knownRegions = (
				en,
				Base,
			);
			mainGroup = 0C9B3CFF2DF8686A009A63A5;
			minimizedProjectReferenceProxies = 1;
			preferredProjectObjectVersion = 77;
			productRefGroup = 0C9B3D092DF8686A009A63A5 /* Products */;
			projectDirPath = "";
			projectRoot = "";
			targets = (
				0C9B3D072DF8686A009A63A5 /* NomNomApp */,
			);
		};
/* End PBXProject section */

/* Begin PBXResourcesBuildPhase section */
		0C9B3D062DF8686A009A63A5 /* Resources */ = {
			isa = PBXResourcesBuildPhase;
			buildActionMask = 2147483647;
			files = (
			);
			runOnlyForDeploymentPostprocessing = 0;
		};
/* End PBXResourcesBuildPhase section */

/* Begin PBXSourcesBuildPhase section */
		0C9B3D042DF8686A009A63A5 /* Sources */ = {
			isa = PBXSourcesBuildPhase;
			buildActionMask = 2147483647;
			files = (
			);
			runOnlyForDeploymentPostprocessing = 0;
		};
/* End PBXSourcesBuildPhase section */

/* Begin XCBuildConfiguration section */
		0C9B3D142DF8686B009A63A5 /* Debug */ = {
			isa = XCBuildConfiguration;
			buildSettings = {
				ALWAYS_SEARCH_USER_PATHS = NO;
				ASSETCATALOG_COMPILER_GENERATE_SWIFT_ASSET_SYMBOL_EXTENSIONS = YES;
				CLANG_ANALYZER_NONNULL = YES;
				CLANG_ANALYZER_NUMBER_OBJECT_CONVERSION = YES_AGGRESSIVE;
				CLANG_CXX_LANGUAGE_STANDARD = "gnu++20";
				CLANG_ENABLE_MODULES = YES;
				CLANG_ENABLE_OBJC_ARC = YES;
				CLANG_ENABLE_OBJC_WEAK = YES;
				CLANG_WARN_BLOCK_CAPTURE_AUTORELEASING = YES;
				CLANG_WARN_BOOL_CONVERSION = YES;
				CLANG_WARN_COMMA = YES;
				CLANG_WARN_CONSTANT_CONVERSION = YES;
				CLANG_WARN_DEPRECATED_OBJC_IMPLEMENTATIONS = YES;
				CLANG_WARN_DIRECT_OBJC_ISA_USAGE = YES_ERROR;
				CLANG_WARN_DOCUMENTATION_COMMENTS = YES;
				CLANG_WARN_EMPTY_BODY = YES;
				CLANG_WARN_ENUM_CONVERSION = YES;
				CLANG_WARN_INFINITE_RECURSION = YES;
				CLANG_WARN_INT_CONVERSION = YES;
				CLANG_WARN_NON_LITERAL_NULL_CONVERSION = YES;
				CLANG_WARN_OBJC_IMPLICIT_RETAIN_SELF = YES;
				CLANG_WARN_OBJC_LITERAL_CONVERSION = YES;
				CLANG_WARN_OBJC_ROOT_CLASS = YES_ERROR;
				CLANG_WARN_QUOTED_INCLUDE_IN_FRAMEWORK_HEADER = YES;
				CLANG_WARN_RANGE_LOOP_ANALYSIS = YES;
				CLANG_WARN_STRICT_PROTOTYPES = YES;
				CLANG_WARN_SUSPICIOUS_MOVE = YES;
				CLANG_WARN_UNGUARDED_AVAILABILITY = YES_AGGRESSIVE;
				CLANG_WARN_UNREACHABLE_CODE = YES;
				CLANG_WARN__DUPLICATE_METHOD_MATCH = YES;
				COPY_PHASE_STRIP = NO;
				DEBUG_INFORMATION_FORMAT = dwarf;
				ENABLE_STRICT_OBJC_MSGSEND = YES;
				ENABLE_TESTABILITY = YES;
				ENABLE_USER_SCRIPT_SANDBOXING = YES;
				GCC_C_LANGUAGE_STANDARD = gnu17;
				GCC_DYNAMIC_NO_PIC = NO;
				GCC_NO_COMMON_BLOCKS = YES;
				GCC_OPTIMIZATION_LEVEL = 0;
				GCC_PREPROCESSOR_DEFINITIONS = (
					"DEBUG=1",
					"$(inherited)",
				);
				GCC_WARN_64_TO_32_BIT_CONVERSION = YES;
				GCC_WARN_ABOUT_RETURN_TYPE = YES_ERROR;
				GCC_WARN_UNDECLARED_SELECTOR = YES;
				GCC_WARN_UNINITIALIZED_AUTOS = YES_AGGRESSIVE;
				GCC_WARN_UNUSED_FUNCTION = YES;
				GCC_WARN_UNUSED_VARIABLE = YES;
				IPHONEOS_DEPLOYMENT_TARGET = 18.2;
				LOCALIZATION_PREFERS_STRING_CATALOGS = YES;
				MTL_ENABLE_DEBUG_INFO = INCLUDE_SOURCE;
				MTL_FAST_MATH = YES;
				ONLY_ACTIVE_ARCH = YES;
				SDKROOT = iphoneos;
				SWIFT_ACTIVE_COMPILATION_CONDITIONS = "DEBUG $(inherited)";
				SWIFT_OPTIMIZATION_LEVEL = "-Onone";
			};
			name = Debug;
		};
		0C9B3D152DF8686B009A63A5 /* Release */ = {
			isa = XCBuildConfiguration;
			buildSettings = {
				ALWAYS_SEARCH_USER_PATHS = NO;
				ASSETCATALOG_COMPILER_GENERATE_SWIFT_ASSET_SYMBOL_EXTENSIONS = YES;
				CLANG_ANALYZER_NONNULL = YES;
				CLANG_ANALYZER_NUMBER_OBJECT_CONVERSION = YES_AGGRESSIVE;
				CLANG_CXX_LANGUAGE_STANDARD = "gnu++20";
				CLANG_ENABLE_MODULES = YES;
				CLANG_ENABLE_OBJC_ARC = YES;
				CLANG_ENABLE_OBJC_WEAK = YES;
				CLANG_WARN_BLOCK_CAPTURE_AUTORELEASING = YES;
				CLANG_WARN_BOOL_CONVERSION = YES;
				CLANG_WARN_COMMA = YES;
				CLANG_WARN_CONSTANT_CONVERSION = YES;
				CLANG_WARN_DEPRECATED_OBJC_IMPLEMENTATIONS = YES;
				CLANG_WARN_DIRECT_OBJC_ISA_USAGE = YES_ERROR;
				CLANG_WARN_DOCUMENTATION_COMMENTS = YES;
				CLANG_WARN_EMPTY_BODY = YES;
				CLANG_WARN_ENUM_CONVERSION = YES;
				CLANG_WARN_INFINITE_RECURSION = YES;
				CLANG_WARN_INT_CONVERSION = YES;
				CLANG_WARN_NON_LITERAL_NULL_CONVERSION = YES;
				CLANG_WARN_OBJC_IMPLICIT_RETAIN_SELF = YES;
				CLANG_WARN_OBJC_LITERAL_CONVERSION = YES;
				CLANG_WARN_OBJC_ROOT_CLASS = YES_ERROR;
				CLANG_WARN_QUOTED_INCLUDE_IN_FRAMEWORK_HEADER = YES;
				CLANG_WARN_RANGE_LOOP_ANALYSIS = YES;
				CLANG_WARN_STRICT_PROTOTYPES = YES;
				CLANG_WARN_SUSPICIOUS_MOVE = YES;
				CLANG_WARN_UNGUARDED_AVAILABILITY = YES_AGGRESSIVE;
				CLANG_WARN_UNREACHABLE_CODE = YES;
				CLANG_WARN__DUPLICATE_METHOD_MATCH = YES;
				COPY_PHASE_STRIP = NO;
				DEBUG_INFORMATION_FORMAT = "dwarf-with-dsym";
				ENABLE_NS_ASSERTIONS = NO;
				ENABLE_STRICT_OBJC_MSGSEND = YES;
				ENABLE_USER_SCRIPT_SANDBOXING = YES;
				GCC_C_LANGUAGE_STANDARD = gnu17;
				GCC_NO_COMMON_BLOCKS = YES;
				GCC_WARN_64_TO_32_BIT_CONVERSION = YES;
				GCC_WARN_ABOUT_RETURN_TYPE = YES_ERROR;
				GCC_WARN_UNDECLARED_SELECTOR = YES;
				GCC_WARN_UNINITIALIZED_AUTOS = YES_AGGRESSIVE;
				GCC_WARN_UNUSED_FUNCTION = YES;
				GCC_WARN_UNUSED_VARIABLE = YES;
				IPHONEOS_DEPLOYMENT_TARGET = 18.2;
				LOCALIZATION_PREFERS_STRING_CATALOGS = YES;
				MTL_ENABLE_DEBUG_INFO = NO;
				MTL_FAST_MATH = YES;
				SDKROOT = iphoneos;
				SWIFT_COMPILATION_MODE = wholemodule;
				VALIDATE_PRODUCT = YES;
			};
			name = Release;
		};
		0C9B3D172DF8686B009A63A5 /* Debug */ = {
			isa = XCBuildConfiguration;
			buildSettings = {
				ASSETCATALOG_COMPILER_APPICON_NAME = AppIcon;
				ASSETCATALOG_COMPILER_GLOBAL_ACCENT_COLOR_NAME = AccentColor;
				CODE_SIGN_ENTITLEMENTS = NomNomApp/NomNomApp.entitlements;
				CODE_SIGN_STYLE = Automatic;
				CURRENT_PROJECT_VERSION = 1;
				DEVELOPMENT_ASSET_PATHS = "\"NomNomApp/Preview Content\"";
				DEVELOPMENT_TEAM = 5YL7TG2W3Z;
				ENABLE_PREVIEWS = YES;
				GENERATE_INFOPLIST_FILE = YES;
				INFOPLIST_FILE = NomNomApp/Info.plist;
				INFOPLIST_KEY_CFBundleDisplayName = "";
				INFOPLIST_KEY_LSApplicationCategoryType = "";
				INFOPLIST_KEY_NSCameraUsageDescription = "\"Can we use your camera please <3\"";
				INFOPLIST_KEY_NSHealthShareUsageDescription = "\"This app needs access to your health data to display your daily activity, exercise, and sleep statistics.\"";
				INFOPLIST_KEY_UIApplicationSceneManifest_Generation = YES;
				INFOPLIST_KEY_UIApplicationSupportsIndirectInputEvents = YES;
				INFOPLIST_KEY_UILaunchStoryboardName = LaunchScreen;
				INFOPLIST_KEY_UISupportedInterfaceOrientations_iPad = "UIInterfaceOrientationPortrait UIInterfaceOrientationPortraitUpsideDown UIInterfaceOrientationLandscapeLeft UIInterfaceOrientationLandscapeRight";
				INFOPLIST_KEY_UISupportedInterfaceOrientations_iPhone = "UIInterfaceOrientationPortrait UIInterfaceOrientationLandscapeLeft UIInterfaceOrientationLandscapeRight";
				LD_RUNPATH_SEARCH_PATHS = (
					"$(inherited)",
					"@executable_path/Frameworks",
				);
				MARKETING_VERSION = 1.0;
				PRODUCT_BUNDLE_IDENTIFIER = mendelu.NomNomApp;
				PRODUCT_NAME = "$(TARGET_NAME)";
				SWIFT_EMIT_LOC_STRINGS = YES;
				SWIFT_VERSION = 5.0;
				TARGETED_DEVICE_FAMILY = "1,2";
			};
			name = Debug;
		};
		0C9B3D182DF8686B009A63A5 /* Release */ = {
			isa = XCBuildConfiguration;
			buildSettings = {
				ASSETCATALOG_COMPILER_APPICON_NAME = AppIcon;
				ASSETCATALOG_COMPILER_GLOBAL_ACCENT_COLOR_NAME = AccentColor;
				CODE_SIGN_ENTITLEMENTS = NomNomApp/NomNomApp.entitlements;
				CODE_SIGN_STYLE = Automatic;
				CURRENT_PROJECT_VERSION = 1;
				DEVELOPMENT_ASSET_PATHS = "\"NomNomApp/Preview Content\"";
				DEVELOPMENT_TEAM = 5YL7TG2W3Z;
				ENABLE_PREVIEWS = YES;
				GENERATE_INFOPLIST_FILE = YES;
				INFOPLIST_FILE = NomNomApp/Info.plist;
				INFOPLIST_KEY_CFBundleDisplayName = "";
				INFOPLIST_KEY_LSApplicationCategoryType = "";
				INFOPLIST_KEY_NSCameraUsageDescription = "\"Can we use your camera please <3\"";
				INFOPLIST_KEY_NSHealthShareUsageDescription = "\"This app needs access to your health data to display your daily activity, exercise, and sleep statistics.\"";
				INFOPLIST_KEY_UIApplicationSceneManifest_Generation = YES;
				INFOPLIST_KEY_UIApplicationSupportsIndirectInputEvents = YES;
				INFOPLIST_KEY_UILaunchStoryboardName = LaunchScreen;
				INFOPLIST_KEY_UISupportedInterfaceOrientations_iPad = "UIInterfaceOrientationPortrait UIInterfaceOrientationPortraitUpsideDown UIInterfaceOrientationLandscapeLeft UIInterfaceOrientationLandscapeRight";
				INFOPLIST_KEY_UISupportedInterfaceOrientations_iPhone = "UIInterfaceOrientationPortrait UIInterfaceOrientationLandscapeLeft UIInterfaceOrientationLandscapeRight";
				LD_RUNPATH_SEARCH_PATHS = (
					"$(inherited)",
					"@executable_path/Frameworks",
				);
				MARKETING_VERSION = 1.0;
				PRODUCT_BUNDLE_IDENTIFIER = mendelu.NomNomApp;
				PRODUCT_NAME = "$(TARGET_NAME)";
				SWIFT_EMIT_LOC_STRINGS = YES;
				SWIFT_VERSION = 5.0;
				TARGETED_DEVICE_FAMILY = "1,2";
			};
			name = Release;
		};
/* End XCBuildConfiguration section */

/* Begin XCConfigurationList section */
		0C9B3D032DF8686A009A63A5 /* Build configuration list for PBXProject "NomNomApp" */ = {
			isa = XCConfigurationList;
			buildConfigurations = (
				0C9B3D142DF8686B009A63A5 /* Debug */,
				0C9B3D152DF8686B009A63A5 /* Release */,
			);
			defaultConfigurationIsVisible = 0;
			defaultConfigurationName = Release;
		};
		0C9B3D162DF8686B009A63A5 /* Build configuration list for PBXNativeTarget "NomNomApp" */ = {
			isa = XCConfigurationList;
			buildConfigurations = (
				0C9B3D172DF8686B009A63A5 /* Debug */,
				0C9B3D182DF8686B009A63A5 /* Release */,
			);
			defaultConfigurationIsVisible = 0;
			defaultConfigurationName = Release;
		};
/* End XCConfigurationList section */
	};
	rootObject = 0C9B3D002DF8686A009A63A5 /* Project object */;
}
